PODS:
  - Gloss (1.2.4)
  - Kingfisher (3.6.2)

DEPENDENCIES:
  - Gloss (~> 1.2)
  - Kingfisher (~> 3.0)

SPEC CHECKSUMS:
  Gloss: 4e036074610fdb993abcb958ebcd7332588e2333
  Kingfisher: 2c94e72c6830622c71d06adf4ea024c37d316830

PODFILE CHECKSUM: 90a593eb26e38b23eefaaa0a2356339a47eedfcb

COCOAPODS: 1.2.0
